
Microsoft Visual Studio Solution File, Format Version 12.00
# Visual Studio Version 16
VisualStudioVersion = 16.0.29609.76
MinimumVisualStudioVersion = 10.0.40219.1
Project("{9A19103F-16F7-4668-BE54-9A1E7A4F7556}") = "Domain", "Domain\Domain.csproj", "{87AF6640-B88C-45B6-B50E-B4D1F2493125}"
EndProject
Project("{9A19103F-16F7-4668-BE54-9A1E7A4F7556}") = "Tests", "Tests\Tests.csproj", "{82259298-BA48-47F1-8CA8-473DC50A117D}"
EndProject
Project("{9A19103F-16F7-4668-BE54-9A1E7A4F7556}") = "DataSample", "DataSample\DataSample.csproj", "{868CD93A-7FDC-4ED3-9DA2-C1BAFB8972EF}"
EndProject
Project("{9A19103F-16F7-4668-BE54-9A1E7A4F7556}") = "Genesis", "Genesis\Genesis.csproj", "{434F8A99-995B-4120-91A4-CDED9EC4A826}"
EndProject
Project("{9A19103F-16F7-4668-BE54-9A1E7A4F7556}") = "CryptoVote", "CryptoVote\CryptoVote.csproj", "{01FC3CCB-9F36-4B6C-B93B-973C97B9D209}"
EndProject
Project("{2150E333-8FDC-42A3-9474-1A3956D46DE8}") = "Solution Items", "Solution Items", "{60613784-147E-4A64-A774-C0F6BE01055D}"
	ProjectSection(SolutionItems) = preProject
		.dockerignore = .dockerignore
		docker-compose.yml = docker-compose.yml
		Dockerfile-Core = Dockerfile-Core
		Readme.md = Readme.md
	EndProjectSection
EndProject
Project("{9A19103F-16F7-4668-BE54-9A1E7A4F7556}") = "crypto-vote", "crypto-vote\crypto-vote.csproj", "{DA301949-4694-46D8-A1C3-D7D5A0A85222}"
EndProject
Global
	GlobalSection(SolutionConfigurationPlatforms) = preSolution
		Debug|Any CPU = Debug|Any CPU
		Release|Any CPU = Release|Any CPU
	EndGlobalSection
	GlobalSection(ProjectConfigurationPlatforms) = postSolution
		{87AF6640-B88C-45B6-B50E-B4D1F2493125}.Debug|Any CPU.ActiveCfg = Debug|Any CPU
		{87AF6640-B88C-45B6-B50E-B4D1F2493125}.Debug|Any CPU.Build.0 = Debug|Any CPU
		{87AF6640-B88C-45B6-B50E-B4D1F2493125}.Release|Any CPU.ActiveCfg = Release|Any CPU
		{87AF6640-B88C-45B6-B50E-B4D1F2493125}.Release|Any CPU.Build.0 = Release|Any CPU
		{82259298-BA48-47F1-8CA8-473DC50A117D}.Debug|Any CPU.ActiveCfg = Debug|Any CPU
		{82259298-BA48-47F1-8CA8-473DC50A117D}.Debug|Any CPU.Build.0 = Debug|Any CPU
		{82259298-BA48-47F1-8CA8-473DC50A117D}.Release|Any CPU.ActiveCfg = Release|Any CPU
		{82259298-BA48-47F1-8CA8-473DC50A117D}.Release|Any CPU.Build.0 = Release|Any CPU
		{868CD93A-7FDC-4ED3-9DA2-C1BAFB8972EF}.Debug|Any CPU.ActiveCfg = Debug|Any CPU
		{868CD93A-7FDC-4ED3-9DA2-C1BAFB8972EF}.Debug|Any CPU.Build.0 = Debug|Any CPU
		{868CD93A-7FDC-4ED3-9DA2-C1BAFB8972EF}.Release|Any CPU.ActiveCfg = Release|Any CPU
		{868CD93A-7FDC-4ED3-9DA2-C1BAFB8972EF}.Release|Any CPU.Build.0 = Release|Any CPU
		{434F8A99-995B-4120-91A4-CDED9EC4A826}.Debug|Any CPU.ActiveCfg = Debug|Any CPU
		{434F8A99-995B-4120-91A4-CDED9EC4A826}.Debug|Any CPU.Build.0 = Debug|Any CPU
		{434F8A99-995B-4120-91A4-CDED9EC4A826}.Release|Any CPU.ActiveCfg = Release|Any CPU
		{434F8A99-995B-4120-91A4-CDED9EC4A826}.Release|Any CPU.Build.0 = Release|Any CPU
		{01FC3CCB-9F36-4B6C-B93B-973C97B9D209}.Debug|Any CPU.ActiveCfg = Debug|Any CPU
		{01FC3CCB-9F36-4B6C-B93B-973C97B9D209}.Debug|Any CPU.Build.0 = Debug|Any CPU
		{01FC3CCB-9F36-4B6C-B93B-973C97B9D209}.Release|Any CPU.ActiveCfg = Release|Any CPU
		{01FC3CCB-9F36-4B6C-B93B-973C97B9D209}.Release|Any CPU.Build.0 = Release|Any CPU
		{DA301949-4694-46D8-A1C3-D7D5A0A85222}.Debug|Any CPU.ActiveCfg = Debug|Any CPU
		{DA301949-4694-46D8-A1C3-D7D5A0A85222}.Debug|Any CPU.Build.0 = Debug|Any CPU
		{DA301949-4694-46D8-A1C3-D7D5A0A85222}.Release|Any CPU.ActiveCfg = Release|Any CPU
		{DA301949-4694-46D8-A1C3-D7D5A0A85222}.Release|Any CPU.Build.0 = Release|Any CPU
	EndGlobalSection
	GlobalSection(SolutionProperties) = preSolution
		HideSolutionNode = FALSE
	EndGlobalSection
	GlobalSection(ExtensibilityGlobals) = postSolution
		SolutionGuid = {58DF7466-617F-4C1F-8C15-CD0314F50B12}
	EndGlobalSection
EndGlobal
